// !$*UTF8*$!
{
	archiveVersion = 1;
	classes = {
	};
	objectVersion = 46;
	objects = {

/* Begin PBXBuildFile section */
		67B3E7C61EF94F3A00A225F8 /* AppDelegate.swift in Sources */ = {isa = PBXBuildFile; fileRef = 67B3E7C51EF94F3A00A225F8 /* AppDelegate.swift */; };
		67B3E7CB1EF94F3A00A225F8 /* Main.storyboard in Resources */ = {isa = PBXBuildFile; fileRef = 67B3E7C91EF94F3A00A225F8 /* Main.storyboard */; };
		67B3E7CD1EF94F3A00A225F8 /* Assets.xcassets in Resources */ = {isa = PBXBuildFile; fileRef = 67B3E7CC1EF94F3A00A225F8 /* Assets.xcassets */; };
		67B3E7D01EF94F3A00A225F8 /* LaunchScreen.storyboard in Resources */ = {isa = PBXBuildFile; fileRef = 67B3E7CE1EF94F3A00A225F8 /* LaunchScreen.storyboard */; };
		67B3E7D81EF96D5C00A225F8 /* QuestionViewController.swift in Sources */ = {isa = PBXBuildFile; fileRef = 67B3E7D71EF96D5C00A225F8 /* QuestionViewController.swift */; };
		67B3E7DA1EF96DA000A225F8 /* QuestionTableViewController.swift in Sources */ = {isa = PBXBuildFile; fileRef = 67B3E7D91EF96DA000A225F8 /* QuestionTableViewController.swift */; };
		67B3E7DC1EF96EC400A225F8 /* TableViewCell.swift in Sources */ = {isa = PBXBuildFile; fileRef = 67B3E7DB1EF96EC400A225F8 /* TableViewCell.swift */; };
/* End PBXBuildFile section */

/* Begin PBXFileReference section */
		67B3E7C21EF94F3A00A225F8 /* Raffle Question.app */ = {isa = PBXFileReference; explicitFileType = wrapper.application; includeInIndex = 0; path = "Raffle Question.app"; sourceTree = BUILT_PRODUCTS_DIR; };
		67B3E7C51EF94F3A00A225F8 /* AppDelegate.swift */ = {isa = PBXFileReference; lastKnownFileType = sourcecode.swift; path = AppDelegate.swift; sourceTree = "<group>"; };
		67B3E7CA1EF94F3A00A225F8 /* Base */ = {isa = PBXFileReference; lastKnownFileType = file.storyboard; name = Base; path = Base.lproj/Main.storyboard; sourceTree = "<group>"; };
		67B3E7CC1EF94F3A00A225F8 /* Assets.xcassets */ = {isa = PBXFileReference; lastKnownFileType = folder.assetcatalog; path = Assets.xcassets; sourceTree = "<group>"; };
		67B3E7CF1EF94F3A00A225F8 /* Base */ = {isa = PBXFileReference; lastKnownFileType = file.storyboard; name = Base; path = Base.lproj/LaunchScreen.storyboard; sourceTree = "<group>"; };
		67B3E7D11EF94F3A00A225F8 /* Info.plist */ = {isa = PBXFileReference; lastKnownFileType = text.plist.xml; path = Info.plist; sourceTree = "<group>"; };
		67B3E7D71EF96D5C00A225F8 /* QuestionViewController.swift */ = {isa = PBXFileReference; fileEncoding = 4; lastKnownFileType = sourcecode.swift; path = QuestionViewController.swift; sourceTree = "<group>"; };
		67B3E7D91EF96DA000A225F8 /* QuestionTableViewController.swift */ = {isa = PBXFileReference; fileEncoding = 4; lastKnownFileType = sourcecode.swift; path = QuestionTableViewController.swift; sourceTree = "<group>"; };
		67B3E7DB1EF96EC400A225F8 /* TableViewCell.swift */ = {isa = PBXFileReference; fileEncoding = 4; lastKnownFileType = sourcecode.swift; path = TableViewCell.swift; sourceTree = "<group>"; };
/* End PBXFileReference section */

/* Begin PBXFrameworksBuildPhase section */
		67B3E7BF1EF94F3A00A225F8 /* Frameworks */ = {
			isa = PBXFrameworksBuildPhase;
			buildActionMask = 2147483647;
			files = (
			);
			runOnlyForDeploymentPostprocessing = 0;
		};
/* End PBXFrameworksBuildPhase section */

/* Begin PBXGroup section */
		67B3E7B91EF94F3A00A225F8 = {
			isa = PBXGroup;
			children = (
				67B3E7C41EF94F3A00A225F8 /* Raffle Question */,
				67B3E7C31EF94F3A00A225F8 /* Products */,
			);
			sourceTree = "<group>";
		};
		67B3E7C31EF94F3A00A225F8 /* Products */ = {
			isa = PBXGroup;
			children = (
				67B3E7C21EF94F3A00A225F8 /* Raffle Question.app */,
			);
			name = Products;
			sourceTree = "<group>";
		};
		67B3E7C41EF94F3A00A225F8 /* Raffle Question */ = {
			isa = PBXGroup;
			children = (
				67B3E7C51EF94F3A00A225F8 /* AppDelegate.swift */,
				67B3E7D91EF96DA000A225F8 /* QuestionTableViewController.swift */,
				67B3E7C91EF94F3A00A225F8 /* Main.storyboard */,
				67B3E7DB1EF96EC400A225F8 /* TableViewCell.swift */,
				67B3E7CC1EF94F3A00A225F8 /* Assets.xcassets */,
				67B3E7CE1EF94F3A00A225F8 /* LaunchScreen.storyboard */,
				67B3E7D11EF94F3A00A225F8 /* Info.plist */,
				67B3E7D71EF96D5C00A225F8 /* QuestionViewController.swift */,
			);
			path = "Raffle Question";
			sourceTree = "<group>";
		};
/* End PBXGroup section */

/* Begin PBXNativeTarget section */
		67B3E7C11EF94F3A00A225F8 /* Raffle Question */ = {
			isa = PBXNativeTarget;
			buildConfigurationList = 67B3E7D41EF94F3A00A225F8 /* Build configuration list for PBXNativeTarget "Raffle Question" */;
			buildPhases = (
				67B3E7BE1EF94F3A00A225F8 /* Sources */,
				67B3E7BF1EF94F3A00A225F8 /* Frameworks */,
				67B3E7C01EF94F3A00A225F8 /* Resources */,
			);
			buildRules = (
			);
			dependencies = (
			);
			name = "Raffle Question";
			productName = "Raffle Question";
			productReference = 67B3E7C21EF94F3A00A225F8 /* Raffle Question.app */;
			productType = "com.apple.product-type.application";
		};
/* End PBXNativeTarget section */

/* Begin PBXProject section */
		67B3E7BA1EF94F3A00A225F8 /* Project object */ = {
			isa = PBXProject;
			attributes = {
				LastSwiftUpdateCheck = 0830;
				LastUpgradeCheck = 0830;
				ORGANIZATIONNAME = "Ellen Bianca Mota de Carvalho";
				TargetAttributes = {
					67B3E7C11EF94F3A00A225F8 = {
						CreatedOnToolsVersion = 8.3.3;
						DevelopmentTeam = N568683GB9;
						ProvisioningStyle = Automatic;
					};
				};
			};
			buildConfigurationList = 67B3E7BD1EF94F3A00A225F8 /* Build configuration list for PBXProject "Raffle Question" */;
			compatibilityVersion = "Xcode 3.2";
			developmentRegion = English;
			hasScannedForEncodings = 0;
			knownRegions = (
				en,
				Base,
			);
			mainGroup = 67B3E7B91EF94F3A00A225F8;
			productRefGroup = 67B3E7C31EF94F3A00A225F8 /* Products */;
			projectDirPath = "";
			projectRoot = "";
			targets = (
				67B3E7C11EF94F3A00A225F8 /* Raffle Question */,
			);
		};
/* End PBXProject section */

/* Begin PBXResourcesBuildPhase section */
		67B3E7C01EF94F3A00A225F8 /* Resources */ = {
			isa = PBXResourcesBuildPhase;
			buildActionMask = 2147483647;
			files = (
				67B3E7D01EF94F3A00A225F8 /* LaunchScreen.storyboard in Resources */,
				67B3E7CD1EF94F3A00A225F8 /* Assets.xcassets in Resources */,
				67B3E7CB1EF94F3A00A225F8 /* Main.storyboard in Resources */,
			);
			runOnlyForDeploymentPostprocessing = 0;
		};
/* End PBXResourcesBuildPhase section */

/* Begin PBXSourcesBuildPhase section */
		67B3E7BE1EF94F3A00A225F8 /* Sources */ = {
			isa = PBXSourcesBuildPhase;
			buildActionMask = 2147483647;
			files = (
				67B3E7C61EF94F3A00A225F8 /* AppDelegate.swift in Sources */,
				67B3E7DC1EF96EC400A225F8 /* TableViewCell.swift in Sources */,
				67B3E7DA1EF96DA000A225F8 /* QuestionTableViewController.swift in Sources */,
				67B3E7D81EF96D5C00A225F8 /* QuestionViewController.swift in Sources */,
			);
			runOnlyForDeploymentPostprocessing = 0;
		};
/* End PBXSourcesBuildPhase section */

/* Begin PBXVariantGroup section */
		67B3E7C91EF94F3A00A225F8 /* Main.storyboard */ = {
			isa = PBXVariantGroup;
			children = (
				67B3E7CA1EF94F3A00A225F8 /* Base */,
			);
			name = Main.storyboard;
			sourceTree = "<group>";
		};
		67B3E7CE1EF94F3A00A225F8 /* LaunchScreen.storyboard */ = {
			isa = PBXVariantGroup;
			children = (
				67B3E7CF1EF94F3A00A225F8 /* Base */,
			);
			name = LaunchScreen.storyboard;
			sourceTree = "<group>";
		};
/* End PBXVariantGroup section */

/* Begin XCBuildConfiguration section */
		67B3E7D21EF94F3A00A225F8 /* Debug */ = {
			isa = XCBuildConfiguration;
			buildSettings = {
				ALWAYS_SEARCH_USER_PATHS = NO;
				CLANG_ANALYZER_NONNULL = YES;
				CLANG_ANALYZER_NUMBER_OBJECT_CONVERSION = YES_AGGRESSIVE;
				CLANG_CXX_LANGUAGE_STANDARD = "gnu++0x";
				CLANG_CXX_LIBRARY = "libc++";
				CLANG_ENABLE_MODULES = YES;
				CLANG_ENABLE_OBJC_ARC = YES;
				CLANG_WARN_BOOL_CONVERSION = YES;
				CLANG_WARN_CONSTANT_CONVERSION = YES;
				CLANG_WARN_DIRECT_OBJC_ISA_USAGE = YES_ERROR;
				CLANG_WARN_DOCUMENTATION_COMMENTS = YES;
				CLANG_WARN_EMPTY_BODY = YES;
				CLANG_WARN_ENUM_CONVERSION = YES;
				CLANG_WARN_INFINITE_RECURSION = YES;
				CLANG_WARN_INT_CONVERSION = YES;
				CLANG_WARN_OBJC_ROOT_CLASS = YES_ERROR;
				CLANG_WARN_SUSPICIOUS_MOVE = YES;
				CLANG_WARN_UNREACHABLE_CODE = YES;
				CLANG_WARN__DUPLICATE_METHOD_MATCH = YES;
				"CODE_SIGN_IDENTITY[sdk=iphoneos*]" = "iPhone Developer";
				COPY_PHASE_STRIP = NO;
				DEBUG_INFORMATION_FORMAT = dwarf;
				ENABLE_STRICT_OBJC_MSGSEND = YES;
				ENABLE_TESTABILITY = YES;
				GCC_C_LANGUAGE_STANDARD = gnu99;
				GCC_DYNAMIC_NO_PIC = NO;
				GCC_NO_COMMON_BLOCKS = YES;
				GCC_OPTIMIZATION_LEVEL = 0;
				GCC_PREPROCESSOR_DEFINITIONS = (
					"DEBUG=1",
					"$(inherited)",
				);
				GCC_WARN_64_TO_32_BIT_CONVERSION = YES;
				GCC_WARN_ABOUT_RETURN_TYPE = YES_ERROR;
				GCC_WARN_UNDECLARED_SELECTOR = YES;
				GCC_WARN_UNINITIALIZED_AUTOS = YES_AGGRESSIVE;
				GCC_WARN_UNUSED_FUNCTION = YES;
				GCC_WARN_UNUSED_VARIABLE = YES;
				IPHONEOS_DEPLOYMENT_TARGET = 10.3;
				MTL_ENABLE_DEBUG_INFO = YES;
				ONLY_ACTIVE_ARCH = YES;
				SDKROOT = iphoneos;
				SWIFT_ACTIVE_COMPILATION_CONDITIONS = DEBUG;
				SWIFT_OPTIMIZATION_LEVEL = "-Onone";
			};
			name = Debug;
		};
		67B3E7D31EF94F3A00A225F8 /* Release */ = {
			isa = XCBuildConfiguration;
			buildSettings = {
				ALWAYS_SEARCH_USER_PATHS = NO;
				CLANG_ANALYZER_NONNULL = YES;
				CLANG_ANALYZER_NUMBER_OBJECT_CONVERSION = YES_AGGRESSIVE;
				CLANG_CXX_LANGUAGE_STANDARD = "gnu++0x";
				CLANG_CXX_LIBRARY = "libc++";
				CLANG_ENABLE_MODULES = YES;
				CLANG_ENABLE_OBJC_ARC = YES;
				CLANG_WARN_BOOL_CONVERSION = YES;
				CLANG_WARN_CONSTANT_CONVERSION = YES;
				CLANG_WARN_DIRECT_OBJC_ISA_USAGE = YES_ERROR;
				CLANG_WARN_DOCUMENTATION_COMMENTS = YES;
				CLANG_WARN_EMPTY_BODY = YES;
				CLANG_WARN_ENUM_CONVERSION = YES;
				CLANG_WARN_INFINITE_RECURSION = YES;
				CLANG_WARN_INT_CONVERSION = YES;
				CLANG_WARN_OBJC_ROOT_CLASS = YES_ERROR;
				CLANG_WARN_SUSPICIOUS_MOVE = YES;
				CLANG_WARN_UNREACHABLE_CODE = YES;
				CLANG_WARN__DUPLICATE_METHOD_MATCH = YES;
				"CODE_SIGN_IDENTITY[sdk=iphoneos*]" = "iPhone Developer";
				COPY_PHASE_STRIP = NO;
				DEBUG_INFORMATION_FORMAT = "dwarf-with-dsym";
				ENABLE_NS_ASSERTIONS = NO;
				ENABLE_STRICT_OBJC_MSGSEND = YES;
				GCC_C_LANGUAGE_STANDARD = gnu99;
				GCC_NO_COMMON_BLOCKS = YES;
				GCC_WARN_64_TO_32_BIT_CONVERSION = YES;
				GCC_WARN_ABOUT_RETURN_TYPE = YES_ERROR;
				GCC_WARN_UNDECLARED_SELECTOR = YES;
				GCC_WARN_UNINITIALIZED_AUTOS = YES_AGGRESSIVE;
				GCC_WARN_UNUSED_FUNCTION = YES;
				GCC_WARN_UNUSED_VARIABLE = YES;
				IPHONEOS_DEPLOYMENT_TARGET = 10.3;
				MTL_ENABLE_DEBUG_INFO = NO;
				SDKROOT = iphoneos;
				SWIFT_OPTIMIZATION_LEVEL = "-Owholemodule";
				VALIDATE_PRODUCT = YES;
			};
			name = Release;
		};
		67B3E7D51EF94F3A00A225F8 /* Debug */ = {
			isa = XCBuildConfiguration;
			buildSettings = {
				ASSETCATALOG_COMPILER_APPICON_NAME = AppIcon;
				DEVELOPMENT_TEAM = N568683GB9;
				INFOPLIST_FILE = "Raffle Question/Info.plist";
				LD_RUNPATH_SEARCH_PATHS = "$(inherited) @executable_path/Frameworks";
				PRODUCT_BUNDLE_IDENTIFIER = "com.ellenmotatutoriais.Raffle-Question";
				PRODUCT_NAME = "$(TARGET_NAME)";
				SWIFT_VERSION = 3.0;
			};
			name = Debug;
		};
		67B3E7D61EF94F3A00A225F8 /* Release */ = {
			isa = XCBuildConfiguration;
			buildSettings = {
				ASSETCATALOG_COMPILER_APPICON_NAME = AppIcon;
				DEVELOPMENT_TEAM = N568683GB9;
				INFOPLIST_FILE = "Raffle Question/Info.plist";
				LD_RUNPATH_SEARCH_PATHS = "$(inherited) @executable_path/Frameworks";
				PRODUCT_BUNDLE_IDENTIFIER = "com.ellenmotatutoriais.Raffle-Question";
				PRODUCT_NAME = "$(TARGET_NAME)";
				SWIFT_VERSION = 3.0;
			};
			name = Release;
		};
/* End XCBuildConfiguration section */

/* Begin XCConfigurationList section */
		67B3E7BD1EF94F3A00A225F8 /* Build configuration list for PBXProject "Raffle Question" */ = {
			isa = XCConfigurationList;
			buildConfigurations = (
				67B3E7D21EF94F3A00A225F8 /* Debug */,
				67B3E7D31EF94F3A00A225F8 /* Release */,
			);
			defaultConfigurationIsVisible = 0;
			defaultConfigurationName = Release;
		};
		67B3E7D41EF94F3A00A225F8 /* Build configuration list for PBXNativeTarget "Raffle Question" */ = {
			isa = XCConfigurationList;
			buildConfigurations = (
				67B3E7D51EF94F3A00A225F8 /* Debug */,
				67B3E7D61EF94F3A00A225F8 /* Release */,
			);
			defaultConfigurationIsVisible = 0;
		};
/* End XCConfigurationList section */
	};
	rootObject = 67B3E7BA1EF94F3A00A225F8 /* Project object */;
}
